lockfileVersion: 5.4

specifiers:
  chalk: ^5.3.0
  commander: ^12.1.0
  inquirer: ^10.1.8
  semver: ^7.6.3

dependencies:
  chalk: 5.3.0
  commander: 12.1.0
  inquirer: 10.1.8
  semver: 7.6.3

packages:

  /@inquirer/checkbox/2.4.7:
    resolution: {integrity: sha512-5YwCySyV1UEgqzz34gNsC38eKxRBtlRDpJLlKcRtTjlYA/yDKuc1rfw+hjw+2WJxbAZtaDPsRl5Zk7J14SBoBw==}
    engines: {node: '>=18'}
    dependencies:
      '@inquirer/core': 9.0.10
      '@inquirer/figures': 1.0.5
      '@inquirer/type': 1.5.2
      ansi-escapes: 4.3.2
      yoctocolors-cjs: 2.1.2
    dev: false

  /@inquirer/confirm/3.1.22:
    resolution: {integrity: sha512-gsAKIOWBm2Q87CDfs9fEo7wJT3fwWIJfnDGMn9Qy74gBnNFOACDNfhUzovubbJjWnKLGBln7/NcSmZwj5DuEXg==}
    engines: {node: '>=18'}
    dependencies:
      '@inquirer/core': 9.0.10
      '@inquirer/type': 1.5.2
    dev: false

  /@inquirer/core/9.0.10:
    resolution: {integrity: sha512-TdESOKSVwf6+YWDz8GhS6nKscwzkIyakEzCLJ5Vh6O3Co2ClhCJ0A4MG909MUWfaWdpJm7DE45ii51/2Kat9tA==}
    engines: {node: '>=18'}
    dependencies:
      '@inquirer/figures': 1.0.5
      '@inquirer/type': 1.5.2
      '@types/mute-stream': 0.0.4
      '@types/node': 22.2.0
      '@types/wrap-ansi': 3.0.0
      ansi-escapes: 4.3.2
      cli-spinners: 2.9.2
      cli-width: 4.1.0
      mute-stream: 1.0.0
      signal-exit: 4.1.0
      strip-ansi: 6.0.1
      wrap-ansi: 6.2.0
      yoctocolors-cjs: 2.1.2
    dev: false

  /@inquirer/editor/2.1.22:
    resolution: {integrity: sha512-K1QwTu7GCK+nKOVRBp5HY9jt3DXOfPGPr6WRDrPImkcJRelG9UTx2cAtK1liXmibRrzJlTWOwqgWT3k2XnS62w==}
    engines: {node: '>=18'}
    dependencies:
      '@inquirer/core': 9.0.10
      '@inquirer/type': 1.5.2
      external-editor: 3.1.0
    dev: false

  /@inquirer/expand/2.1.22:
    resolution: {integrity: sha512-wTZOBkzH+ItPuZ3ZPa9lynBsdMp6kQ9zbjVPYEtSBG7UulGjg2kQiAnUjgyG4SlntpTce5bOmXAPvE4sguXjpA==}
    engines: {node: '>=18'}
    dependencies:
      '@inquirer/core': 9.0.10
      '@inquirer/type': 1.5.2
      yoctocolors-cjs: 2.1.2
    dev: false

  /@inquirer/figures/1.0.5:
    resolution: {integrity: sha512-79hP/VWdZ2UVc9bFGJnoQ/lQMpL74mGgzSYX1xUqCVk7/v73vJCMw1VuyWN1jGkZ9B3z7THAbySqGbCNefcjfA==}
    engines: {node: '>=18'}
    dev: false

  /@inquirer/input/2.2.9:
    resolution: {integrity: sha512-7Z6N+uzkWM7+xsE+3rJdhdG/+mQgejOVqspoW+w0AbSZnL6nq5tGMEVASaYVWbkoSzecABWwmludO2evU3d31g==}
    engines: {node: '>=18'}
    dependencies:
      '@inquirer/core': 9.0.10
      '@inquirer/type': 1.5.2
    dev: false

  /@inquirer/number/1.0.10:
    resolution: {integrity: sha512-kWTxRF8zHjQOn2TJs+XttLioBih6bdc5CcosXIzZsrTY383PXI35DuhIllZKu7CdXFi2rz2BWPN9l0dPsvrQOA==}
    engines: {node: '>=18'}
    dependencies:
      '@inquirer/core': 9.0.10
      '@inquirer/type': 1.5.2
    dev: false

  /@inquirer/password/2.1.22:
    resolution: {integrity: sha512-5Fxt1L9vh3rAKqjYwqsjU4DZsEvY/2Gll+QkqR4yEpy6wvzLxdSgFhUcxfDAOtO4BEoTreWoznC0phagwLU5Kw==}
    engines: {node: '>=18'}
    dependencies:
      '@inquirer/core': 9.0.10
      '@inquirer/type': 1.5.2
      ansi-escapes: 4.3.2
    dev: false

  /@inquirer/prompts/5.3.8:
    resolution: {integrity: sha512-b2BudQY/Si4Y2a0PdZZL6BeJtl8llgeZa7U2j47aaJSCeAl1e4UI7y8a9bSkO3o/ZbZrgT5muy/34JbsjfIWxA==}
    engines: {node: '>=18'}
    dependencies:
      '@inquirer/checkbox': 2.4.7
      '@inquirer/confirm': 3.1.22
      '@inquirer/editor': 2.1.22
      '@inquirer/expand': 2.1.22
      '@inquirer/input': 2.2.9
      '@inquirer/number': 1.0.10
      '@inquirer/password': 2.1.22
      '@inquirer/rawlist': 2.2.4
      '@inquirer/search': 1.0.7
      '@inquirer/select': 2.4.7
    dev: false

  /@inquirer/rawlist/2.2.4:
    resolution: {integrity: sha512-pb6w9pWrm7EfnYDgQObOurh2d2YH07+eDo3xQBsNAM2GRhliz6wFXGi1thKQ4bN6B0xDd6C3tBsjdr3obsCl3Q==}
    engines: {node: '>=18'}
    dependencies:
      '@inquirer/core': 9.0.10
      '@inquirer/type': 1.5.2
      yoctocolors-cjs: 2.1.2
    dev: false

  /@inquirer/search/1.0.7:
    resolution: {integrity: sha512-p1wpV+3gd1eST/o5N3yQpYEdFNCzSP0Klrl+5bfD3cTTz8BGG6nf4Z07aBW0xjlKIj1Rp0y3x/X4cZYi6TfcLw==}
    engines: {node: '>=18'}
    dependencies:
      '@inquirer/core': 9.0.10
      '@inquirer/figures': 1.0.5
      '@inquirer/type': 1.5.2
      yoctocolors-cjs: 2.1.2
    dev: false

  /@inquirer/select/2.4.7:
    resolution: {integrity: sha512-JH7XqPEkBpNWp3gPCqWqY8ECbyMoFcCZANlL6pV9hf59qK6dGmkOlx1ydyhY+KZ0c5X74+W6Mtp+nm2QX0/MAQ==}
    engines: {node: '>=18'}
    dependencies:
      '@inquirer/core': 9.0.10
      '@inquirer/figures': 1.0.5
      '@inquirer/type': 1.5.2
      ansi-escapes: 4.3.2
      yoctocolors-cjs: 2.1.2
    dev: false

  /@inquirer/type/1.5.2:
    resolution: {integrity: sha512-w9qFkumYDCNyDZmNQjf/n6qQuvQ4dMC3BJesY4oF+yr0CxR5vxujflAVeIcS6U336uzi9GM0kAfZlLrZ9UTkpA==}
    engines: {node: '>=18'}
    dependencies:
      mute-stream: 1.0.0
    dev: false

  /@types/mute-stream/0.0.4:
    resolution: {integrity: sha512-CPM9nzrCPPJHQNA9keH9CVkVI+WR5kMa+7XEs5jcGQ0VoAGnLv242w8lIVgwAEfmE4oufJRaTc9PNLQl0ioAow==}
    dependencies:
      '@types/node': 22.2.0
    dev: false

  /@types/node/22.2.0:
    resolution: {integrity: sha512-bm6EG6/pCpkxDf/0gDNDdtDILMOHgaQBVOJGdwsqClnxA3xL6jtMv76rLBc006RVMWbmaf0xbmom4Z/5o2nRkQ==}
    dependencies:
      undici-types: 6.13.0
    dev: false

  /@types/wrap-ansi/3.0.0:
    resolution: {integrity: sha512-ltIpx+kM7g/MLRZfkbL7EsCEjfzCcScLpkg37eXEtx5kmrAKBkTJwd1GIAjDSL8wTpM6Hzn5YO4pSb91BEwu1g==}
    dev: false

  /ansi-escapes/4.3.2:
    resolution: {integrity: sha1-ayKR0dt9mLZSHV8e+kLQ86n+tl4=}
    engines: {node: '>=8'}
    dependencies:
      type-fest: 0.21.3
    dev: false

  /ansi-regex/5.0.1:
    resolution: {integrity: sha1-CCyyyJyf6GWaMRpTvWpNxTAdswQ=}
    engines: {node: '>=8'}
    dev: false

  /ansi-styles/4.3.0:
    resolution: {integrity: sha1-7dgDYornHATIWuegkG7a00tkiTc=}
    engines: {node: '>=8'}
    dependencies:
      color-convert: 2.0.1
    dev: false

  /chalk/5.3.0:
    resolution: {integrity: sha512-dLitG79d+GV1Nb/VYcCDFivJeK1hiukt9QjRNVOsUtTy1rR1YJsmpGGTZ3qJos+uw7WmWF4wUwBd9jxjocFC2w==}
    engines: {node: ^12.17.0 || ^14.13 || >=16.0.0}
    dev: false

  /chardet/0.7.0:
    resolution: {integrity: sha512-mT8iDcrh03qDGRRmoA2hmBJnxpllMR+0/0qlzjqZES6NdiWDcZkCNAk4rPFZ9Q85r27unkiNNg8ZOiwZXBHwcA==}
    dev: false

  /cli-spinners/2.9.2:
    resolution: {integrity: sha512-ywqV+5MmyL4E7ybXgKys4DugZbX0FC6LnwrhjuykIjnK9k8OQacQ7axGKnjDXWNhns0xot3bZI5h55H8yo9cJg==}
    engines: {node: '>=6'}
    dev: false

  /cli-width/4.1.0:
    resolution: {integrity: sha512-ouuZd4/dm2Sw5Gmqy6bGyNNNe1qt9RpmxveLSO7KcgsTnU7RXfsw+/bukWGo1abgBiMAic068rclZsO4IWmmxQ==}
    engines: {node: '>= 12'}
    dev: false

  /color-convert/2.0.1:
    resolution: {integrity: sha1-ctOmjVmMm9s68q0ehPIdiWq9TeM=}
    engines: {node: '>=7.0.0'}
    dependencies:
      color-name: 1.1.4
    dev: false

  /color-name/1.1.4:
    resolution: {integrity: sha512-dOy+3AuW3a2wNbZHIuMZpTcgjGuLU/uBL/ubcZF9OXbDo8ff4O8yVp5Bf0efS8uEoYo5q4Fx7dY9OgQGXgAsQA==}
    dev: false

  /commander/12.1.0:
    resolution: {integrity: sha512-Vw8qHK3bZM9y/P10u3Vib8o/DdkvA2OtPtZvD871QKjy74Wj1WSKFILMPRPSdUSx5RFK1arlJzEtA4PkFgnbuA==}
    engines: {node: '>=18'}
    dev: false

  /emoji-regex/8.0.0:
    resolution: {integrity: sha512-MSjYzcWNOA0ewAHpz0MxpYFvwg6yjy1NG3xteoqz644VCo/RPgnr1/GGt+ic3iJTzQ8Eu3TdM14SawnVUmGE6A==}
    dev: false

  /external-editor/3.1.0:
    resolution: {integrity: sha1-ywP3QL764D6k0oPK7SdBqD8zVJU=}
    engines: {node: '>=4'}
    dependencies:
      chardet: 0.7.0
      iconv-lite: 0.4.24
      tmp: 0.0.33
    dev: false

  /iconv-lite/0.4.24:
    resolution: {integrity: sha512-v3MXnZAcvnywkTUEZomIActle7RXXeedOR31wwl7VlyoXO4Qi9arvSenNQWne1TcRwhCL1HwLI21bEqdpj8/rA==}
    engines: {node: '>=0.10.0'}
    dependencies:
      safer-buffer: 2.1.2
    dev: false

  /inquirer/10.1.8:
    resolution: {integrity: sha512-syxGpOzLyqVeZi1KDBjRTnCn5PiGWySGHP0BbqXbqsEK0ckkZk3egAepEWslUjZXj0rhkUapVXM/IpADWe4D6w==}
    engines: {node: '>=18'}
    dependencies:
      '@inquirer/prompts': 5.3.8
      '@inquirer/type': 1.5.2
      '@types/mute-stream': 0.0.4
      ansi-escapes: 4.3.2
      mute-stream: 1.0.0
      run-async: 3.0.0
      rxjs: 7.8.1
    dev: false

  /is-fullwidth-code-point/3.0.0:
    resolution: {integrity: sha512-zymm5+u+sCsSWyD9qNaejV3DFvhCKclKdizYaJUuHA83RLjb7nSuGnddCHGv0hk+KY7BMAlsWeK4Ueg6EV6XQg==}
    engines: {node: '>=8'}
    dev: false

  /mute-stream/1.0.0:
    resolution: {integrity: sha512-avsJQhyd+680gKXyG/sQc0nXaC6rBkPOfyHYcFb9+hdkqQkR9bdnkJ0AMZhke0oesPqIO+mFFJ+IdBc7mst4IA==}
    engines: {node: ^14.17.0 || ^16.13.0 || >=18.0.0}
    dev: false

  /os-tmpdir/1.0.2:
    resolution: {integrity: sha1-u+Z0BseaqFxc/sdm/lc0VV36EnQ=}
    engines: {node: '>=0.10.0'}
    dev: false

  /run-async/3.0.0:
    resolution: {integrity: sha512-540WwVDOMxA6dN6We19EcT9sc3hkXPw5mzRNGM3FkdN/vtE9NFvj5lFAPNwUDmJjXidm3v7TC1cTE7t17Ulm1Q==}
    engines: {node: '>=0.12.0'}
    dev: false

  /rxjs/7.8.1:
    resolution: {integrity: sha512-AA3TVj+0A2iuIoQkWEK/tqFjBq2j+6PO6Y0zJcvzLAFhEFIO3HL0vls9hWLncZbAAbK0mar7oZ4V079I/qPMxg==}
    dependencies:
      tslib: 2.6.3
    dev: false

  /safer-buffer/2.1.2:
    resolution: {integrity: sha512-YZo3K82SD7Riyi0E1EQPojLz7kpepnSQI9IyPbHHg1XXXevb5dJI7tpyN2ADxGcQbHG7vcyRHk0cbwqcQriUtg==}
    dev: false

  /semver/7.6.3:
    resolution: {integrity: sha512-oVekP1cKtI+CTDvHWYFUcMtsK/00wmAEfyqKfNdARm8u1wNVhSgaX7A8d4UuIlUI5e84iEwOhs7ZPYRmzU9U6A==}
    engines: {node: '>=10'}
    hasBin: true
    dev: false

  /signal-exit/4.1.0:
    resolution: {integrity: sha512-bzyZ1e88w9O1iNJbKnOlvYTrWPDl46O1bG0D3XInv+9tkPrxrN8jUUTiFlDkkmKWgn1M6CfIA13SuGqOa9Korw==}
    engines: {node: '>=14'}
    dev: false

  /string-width/4.2.3:
    resolution: {integrity: sha1-JpxxF9J7Ba0uU2gwqOyJXvnG0BA=}
    engines: {node: '>=8'}
    dependencies:
      emoji-regex: 8.0.0
      is-fullwidth-code-point: 3.0.0
      strip-ansi: 6.0.1
    dev: false

  /strip-ansi/6.0.1:
    resolution: {integrity: sha1-nibGPTD1NEPpSJSVshBdN7Z6hdk=}
    engines: {node: '>=8'}
    dependencies:
      ansi-regex: 5.0.1
    dev: false

  /tmp/0.0.33:
    resolution: {integrity: sha512-jRCJlojKnZ3addtTOjdIqoRuPEKBvNXcGYqzO6zWZX8KfKEpnGY5jfggJQ3EjKuu8D4bJRr0y+cYJFmYbImXGw==}
    engines: {node: '>=0.6.0'}
    dependencies:
      os-tmpdir: 1.0.2
    dev: false

  /tslib/2.6.3:
    resolution: {integrity: sha512-xNvxJEOUiWPGhUuUdQgAJPKOOJfGnIyKySOc09XkKsgdUV/3E2zvwZYdejjmRgPCgcym1juLH3226yA7sEFJKQ==}
    dev: false

  /type-fest/0.21.3:
    resolution: {integrity: sha1-0mCiSwGYQ24TP6JqUkptZfo7Ljc=}
    engines: {node: '>=10'}
    dev: false

  /undici-types/6.13.0:
    resolution: {integrity: sha512-xtFJHudx8S2DSoujjMd1WeWvn7KKWFRESZTMeL1RptAYERu29D6jphMjjY+vn96jvN3kVPDNxU/E13VTaXj6jg==}
    dev: false

  /wrap-ansi/6.2.0:
    resolution: {integrity: sha1-6Tk7oHEC5skaOyIUePAlfNKFblM=}
    engines: {node: '>=8'}
    dependencies:
      ansi-styles: 4.3.0
      string-width: 4.2.3
      strip-ansi: 6.0.1
    dev: false

  /yoctocolors-cjs/2.1.2:
    resolution: {integrity: sha512-cYVsTjKl8b+FrnidjibDWskAv7UKOfcwaVZdp/it9n1s9fU3IkgDbhdIRKCW4JDsAlECJY0ytoVPT3sK6kideA==}
    engines: {node: '>=18'}
    dev: false
